// !$*UTF8*$!
{
	archiveVersion = 1;
	classes = {
	};
	objectVersion = 46;
	objects = {

/* Begin PBXBuildFile section */
		2A0C568F1B054203004198D5 /* main.m in Sources */ = {isa = PBXBuildFile; fileRef = 2A0C568E1B054203004198D5 /* main.m */; };
		2A0C56921B054203004198D5 /* AppDelegate.m in Sources */ = {isa = PBXBuildFile; fileRef = 2A0C56911B054203004198D5 /* AppDelegate.m */; };
		2A0C56951B054203004198D5 /* Status_Lane.xcdatamodeld in Sources */ = {isa = PBXBuildFile; fileRef = 2A0C56931B054203004198D5 /* Status_Lane.xcdatamodeld */; };
		2A0C569B1B054203004198D5 /* Main.storyboard in Resources */ = {isa = PBXBuildFile; fileRef = 2A0C56991B054203004198D5 /* Main.storyboard */; };
		2A0C569D1B054203004198D5 /* Images.xcassets in Resources */ = {isa = PBXBuildFile; fileRef = 2A0C569C1B054203004198D5 /* Images.xcassets */; };
		2A0C56A01B054203004198D5 /* LaunchScreen.xib in Resources */ = {isa = PBXBuildFile; fileRef = 2A0C569E1B054203004198D5 /* LaunchScreen.xib */; };
		2A0C56AC1B054203004198D5 /* Status_LaneTests.m in Sources */ = {isa = PBXBuildFile; fileRef = 2A0C56AB1B054203004198D5 /* Status_LaneTests.m */; };
/* End PBXBuildFile section */

/* Begin PBXContainerItemProxy section */
		2A0C56A61B054203004198D5 /* PBXContainerItemProxy */ = {
			isa = PBXContainerItemProxy;
			containerPortal = 2A0C56811B054203004198D5 /* Project object */;
			proxyType = 1;
			remoteGlobalIDString = 2A0C56881B054203004198D5;
			remoteInfo = "Status Lane";
		};
/* End PBXContainerItemProxy section */

/* Begin PBXFileReference section */
		2A0C56891B054203004198D5 /* Status Lane.app */ = {isa = PBXFileReference; explicitFileType = wrapper.application; includeInIndex = 0; path = "Status Lane.app"; sourceTree = BUILT_PRODUCTS_DIR; };
		2A0C568D1B054203004198D5 /* Info.plist */ = {isa = PBXFileReference; lastKnownFileType = text.plist.xml; path = Info.plist; sourceTree = "<group>"; };
		2A0C568E1B054203004198D5 /* main.m */ = {isa = PBXFileReference; lastKnownFileType = sourcecode.c.objc; path = main.m; sourceTree = "<group>"; };
		2A0C56901B054203004198D5 /* AppDelegate.h */ = {isa = PBXFileReference; lastKnownFileType = sourcecode.c.h; path = AppDelegate.h; sourceTree = "<group>"; };
		2A0C56911B054203004198D5 /* AppDelegate.m */ = {isa = PBXFileReference; lastKnownFileType = sourcecode.c.objc; path = AppDelegate.m; sourceTree = "<group>"; };
		2A0C56941B054203004198D5 /* Status_Lane.xcdatamodel */ = {isa = PBXFileReference; lastKnownFileType = wrapper.xcdatamodel; path = Status_Lane.xcdatamodel; sourceTree = "<group>"; };
		2A0C569A1B054203004198D5 /* Base */ = {isa = PBXFileReference; lastKnownFileType = file.storyboard; name = Base; path = Base.lproj/Main.storyboard; sourceTree = "<group>"; };
		2A0C569C1B054203004198D5 /* Images.xcassets */ = {isa = PBXFileReference; lastKnownFileType = folder.assetcatalog; path = Images.xcassets; sourceTree = "<group>"; };
		2A0C569F1B054203004198D5 /* Base */ = {isa = PBXFileReference; lastKnownFileType = file.xib; name = Base; path = Base.lproj/LaunchScreen.xib; sourceTree = "<group>"; };
		2A0C56A51B054203004198D5 /* Status LaneTests.xctest */ = {isa = PBXFileReference; explicitFileType = wrapper.cfbundle; includeInIndex = 0; path = "Status LaneTests.xctest"; sourceTree = BUILT_PRODUCTS_DIR; };
		2A0C56AA1B054203004198D5 /* Info.plist */ = {isa = PBXFileReference; lastKnownFileType = text.plist.xml; path = Info.plist; sourceTree = "<group>"; };
		2A0C56AB1B054203004198D5 /* Status_LaneTests.m */ = {isa = PBXFileReference; lastKnownFileType = sourcecode.c.objc; path = Status_LaneTests.m; sourceTree = "<group>"; };
/* End PBXFileReference section */

/* Begin PBXFrameworksBuildPhase section */
		2A0C56861B054203004198D5 /* Frameworks */ = {
			isa = PBXFrameworksBuildPhase;
			buildActionMask = 2147483647;
			files = (
			);
			runOnlyForDeploymentPostprocessing = 0;
		};
		2A0C56A21B054203004198D5 /* Frameworks */ = {
			isa = PBXFrameworksBuildPhase;
			buildActionMask = 2147483647;
			files = (
			);
			runOnlyForDeploymentPostprocessing = 0;
		};
/* End PBXFrameworksBuildPhase section */

/* Begin PBXGroup section */
		2A0C56801B054203004198D5 = {
			isa = PBXGroup;
			children = (
				2A0C568B1B054203004198D5 /* Status Lane */,
				2A0C56A81B054203004198D5 /* Status LaneTests */,
				2A0C568A1B054203004198D5 /* Products */,
			);
			sourceTree = "<group>";
		};
		2A0C568A1B054203004198D5 /* Products */ = {
			isa = PBXGroup;
			children = (
				2A0C56891B054203004198D5 /* Status Lane.app */,
				2A0C56A51B054203004198D5 /* Status LaneTests.xctest */,
			);
			name = Products;
			sourceTree = "<group>";
		};
		2A0C568B1B054203004198D5 /* Status Lane */ = {
			isa = PBXGroup;
			children = (
				2A0C56B71B054281004198D5 /* App Delegate */,
				2A0C56B61B05426E004198D5 /* Core Data */,
				2A0C56991B054203004198D5 /* Main.storyboard */,
				2A0C568C1B054203004198D5 /* Supporting Files */,
			);
			path = "Status Lane";
			sourceTree = "<group>";
		};
		2A0C568C1B054203004198D5 /* Supporting Files */ = {
			isa = PBXGroup;
			children = (
				2A0C56B51B054242004198D5 /* Resources */,
				2A0C568D1B054203004198D5 /* Info.plist */,
				2A0C568E1B054203004198D5 /* main.m */,
			);
			name = "Supporting Files";
			sourceTree = "<group>";
		};
		2A0C56A81B054203004198D5 /* Status LaneTests */ = {
			isa = PBXGroup;
			children = (
				2A0C56AB1B054203004198D5 /* Status_LaneTests.m */,
				2A0C56A91B054203004198D5 /* Supporting Files */,
			);
			path = "Status LaneTests";
			sourceTree = "<group>";
		};
		2A0C56A91B054203004198D5 /* Supporting Files */ = {
			isa = PBXGroup;
			children = (
				2A0C56AA1B054203004198D5 /* Info.plist */,
			);
			name = "Supporting Files";
			sourceTree = "<group>";
		};
		2A0C56B51B054242004198D5 /* Resources */ = {
			isa = PBXGroup;
			children = (
				2A0C569E1B054203004198D5 /* LaunchScreen.xib */,
				2A0C569C1B054203004198D5 /* Images.xcassets */,
			);
			name = Resources;
			sourceTree = "<group>";
		};
		2A0C56B61B05426E004198D5 /* Core Data */ = {
			isa = PBXGroup;
			children = (
				2A0C56931B054203004198D5 /* Status_Lane.xcdatamodeld */,
			);
			name = "Core Data";
			sourceTree = "<group>";
		};
		2A0C56B71B054281004198D5 /* App Delegate */ = {
			isa = PBXGroup;
			children = (
				2A0C56901B054203004198D5 /* AppDelegate.h */,
				2A0C56911B054203004198D5 /* AppDelegate.m */,
			);
			name = "App Delegate";
			sourceTree = "<group>";
		};
/* End PBXGroup section */

/* Begin PBXNativeTarget section */
		2A0C56881B054203004198D5 /* Status Lane */ = {
			isa = PBXNativeTarget;
			buildConfigurationList = 2A0C56AF1B054203004198D5 /* Build configuration list for PBXNativeTarget "Status Lane" */;
			buildPhases = (
				2A0C56851B054203004198D5 /* Sources */,
				2A0C56861B054203004198D5 /* Frameworks */,
				2A0C56871B054203004198D5 /* Resources */,
			);
			buildRules = (
			);
			dependencies = (
			);
			name = "Status Lane";
			productName = "Status Lane";
			productReference = 2A0C56891B054203004198D5 /* Status Lane.app */;
			productType = "com.apple.product-type.application";
		};
		2A0C56A41B054203004198D5 /* Status LaneTests */ = {
			isa = PBXNativeTarget;
			buildConfigurationList = 2A0C56B21B054203004198D5 /* Build configuration list for PBXNativeTarget "Status LaneTests" */;
			buildPhases = (
				2A0C56A11B054203004198D5 /* Sources */,
				2A0C56A21B054203004198D5 /* Frameworks */,
				2A0C56A31B054203004198D5 /* Resources */,
			);
			buildRules = (
			);
			dependencies = (
				2A0C56A71B054203004198D5 /* PBXTargetDependency */,
			);
			name = "Status LaneTests";
			productName = "Status LaneTests";
			productReference = 2A0C56A51B054203004198D5 /* Status LaneTests.xctest */;
			productType = "com.apple.product-type.bundle.unit-test";
		};
/* End PBXNativeTarget section */

/* Begin PBXProject section */
		2A0C56811B054203004198D5 /* Project object */ = {
			isa = PBXProject;
			attributes = {
				LastUpgradeCheck = 0630;
				ORGANIZATIONNAME = "Sui Generis Innovations";
				TargetAttributes = {
					2A0C56881B054203004198D5 = {
						CreatedOnToolsVersion = 6.3.1;
					};
					2A0C56A41B054203004198D5 = {
						CreatedOnToolsVersion = 6.3.1;
						TestTargetID = 2A0C56881B054203004198D5;
					};
				};
			};
			buildConfigurationList = 2A0C56841B054203004198D5 /* Build configuration list for PBXProject "Status Lane" */;
			compatibilityVersion = "Xcode 3.2";
			developmentRegion = English;
			hasScannedForEncodings = 0;
			knownRegions = (
				en,
				Base,
			);
			mainGroup = 2A0C56801B054203004198D5;
			productRefGroup = 2A0C568A1B054203004198D5 /* Products */;
			projectDirPath = "";
			projectRoot = "";
			targets = (
				2A0C56881B054203004198D5 /* Status Lane */,
				2A0C56A41B054203004198D5 /* Status LaneTests */,
			);
		};
/* End PBXProject section */

/* Begin PBXResourcesBuildPhase section */
		2A0C56871B054203004198D5 /* Resources */ = {
			isa = PBXResourcesBuildPhase;
			buildActionMask = 2147483647;
			files = (
				2A0C569B1B054203004198D5 /* Main.storyboard in Resources */,
				2A0C56A01B054203004198D5 /* LaunchScreen.xib in Resources */,
				2A0C569D1B054203004198D5 /* Images.xcassets in Resources */,
			);
			runOnlyForDeploymentPostprocessing = 0;
		};
		2A0C56A31B054203004198D5 /* Resources */ = {
			isa = PBXResourcesBuildPhase;
			buildActionMask = 2147483647;
			files = (
			);
			runOnlyForDeploymentPostprocessing = 0;
		};
/* End PBXResourcesBuildPhase section */

/* Begin PBXSourcesBuildPhase section */
		2A0C56851B054203004198D5 /* Sources */ = {
			isa = PBXSourcesBuildPhase;
			buildActionMask = 2147483647;
			files = (
				2A0C56921B054203004198D5 /* AppDelegate.m in Sources */,
				2A0C56951B054203004198D5 /* Status_Lane.xcdatamodeld in Sources */,
				2A0C568F1B054203004198D5 /* main.m in Sources */,
			);
			runOnlyForDeploymentPostprocessing = 0;
		};
		2A0C56A11B054203004198D5 /* Sources */ = {
			isa = PBXSourcesBuildPhase;
			buildActionMask = 2147483647;
			files = (
				2A0C56AC1B054203004198D5 /* Status_LaneTests.m in Sources */,
			);
			runOnlyForDeploymentPostprocessing = 0;
		};
/* End PBXSourcesBuildPhase section */

/* Begin PBXTargetDependency section */
		2A0C56A71B054203004198D5 /* PBXTargetDependency */ = {
			isa = PBXTargetDependency;
			target = 2A0C56881B054203004198D5 /* Status Lane */;
			targetProxy = 2A0C56A61B054203004198D5 /* PBXContainerItemProxy */;
		};
/* End PBXTargetDependency section */

/* Begin PBXVariantGroup section */
		2A0C56991B054203004198D5 /* Main.storyboard */ = {
			isa = PBXVariantGroup;
			children = (
				2A0C569A1B054203004198D5 /* Base */,
			);
			name = Main.storyboard;
			sourceTree = "<group>";
		};
		2A0C569E1B054203004198D5 /* LaunchScreen.xib */ = {
			isa = PBXVariantGroup;
			children = (
				2A0C569F1B054203004198D5 /* Base */,
			);
			name = LaunchScreen.xib;
			sourceTree = "<group>";
		};
/* End PBXVariantGroup section */

/* Begin XCBuildConfiguration section */
		2A0C56AD1B054203004198D5 /* Debug */ = {
			isa = XCBuildConfiguration;
			buildSettings = {
				ALWAYS_SEARCH_USER_PATHS = NO;
				CLANG_CXX_LANGUAGE_STANDARD = "gnu++0x";
				CLANG_CXX_LIBRARY = "libc++";
				CLANG_ENABLE_MODULES = YES;
				CLANG_ENABLE_OBJC_ARC = YES;
				CLANG_WARN_BOOL_CONVERSION = YES;
				CLANG_WARN_CONSTANT_CONVERSION = YES;
				CLANG_WARN_DIRECT_OBJC_ISA_USAGE = YES_ERROR;
				CLANG_WARN_EMPTY_BODY = YES;
				CLANG_WARN_ENUM_CONVERSION = YES;
				CLANG_WARN_INT_CONVERSION = YES;
				CLANG_WARN_OBJC_ROOT_CLASS = YES_ERROR;
				CLANG_WARN_UNREACHABLE_CODE = YES;
				CLANG_WARN__DUPLICATE_METHOD_MATCH = YES;
				"CODE_SIGN_IDENTITY[sdk=iphoneos*]" = "iPhone Developer";
				COPY_PHASE_STRIP = NO;
				DEBUG_INFORMATION_FORMAT = "dwarf-with-dsym";
				ENABLE_STRICT_OBJC_MSGSEND = YES;
				GCC_C_LANGUAGE_STANDARD = gnu99;
				GCC_DYNAMIC_NO_PIC = NO;
				GCC_NO_COMMON_BLOCKS = YES;
				GCC_OPTIMIZATION_LEVEL = 0;
				GCC_PREPROCESSOR_DEFINITIONS = (
					"DEBUG=1",
					"$(inherited)",
				);
				GCC_SYMBOLS_PRIVATE_EXTERN = NO;
				GCC_WARN_64_TO_32_BIT_CONVERSION = YES;
				GCC_WARN_ABOUT_RETURN_TYPE = YES_ERROR;
				GCC_WARN_UNDECLARED_SELECTOR = YES;
				GCC_WARN_UNINITIALIZED_AUTOS = YES_AGGRESSIVE;
				GCC_WARN_UNUSED_FUNCTION = YES;
				GCC_WARN_UNUSED_VARIABLE = YES;
				IPHONEOS_DEPLOYMENT_TARGET = 8.3;
				MTL_ENABLE_DEBUG_INFO = YES;
				ONLY_ACTIVE_ARCH = YES;
				SDKROOT = iphoneos;
			};
			name = Debug;
		};
		2A0C56AE1B054203004198D5 /* Release */ = {
			isa = XCBuildConfiguration;
			buildSettings = {
				ALWAYS_SEARCH_USER_PATHS = NO;
				CLANG_CXX_LANGUAGE_STANDARD = "gnu++0x";
				CLANG_CXX_LIBRARY = "libc++";
				CLANG_ENABLE_MODULES = YES;
				CLANG_ENABLE_OBJC_ARC = YES;
				CLANG_WARN_BOOL_CONVERSION = YES;
				CLANG_WARN_CONSTANT_CONVERSION = YES;
				CLANG_WARN_DIRECT_OBJC_ISA_USAGE = YES_ERROR;
				CLANG_WARN_EMPTY_BODY = YES;
				CLANG_WARN_ENUM_CONVERSION = YES;
				CLANG_WARN_INT_CONVERSION = YES;
				CLANG_WARN_OBJC_ROOT_CLASS = YES_ERROR;
				CLANG_WARN_UNREACHABLE_CODE = YES;
				CLANG_WARN__DUPLICATE_METHOD_MATCH = YES;
				"CODE_SIGN_IDENTITY[sdk=iphoneos*]" = "iPhone Developer";
				COPY_PHASE_STRIP = NO;
				DEBUG_INFORMATION_FORMAT = "dwarf-with-dsym";
				ENABLE_NS_ASSERTIONS = NO;
				ENABLE_STRICT_OBJC_MSGSEND = YES;
				GCC_C_LANGUAGE_STANDARD = gnu99;
				GCC_NO_COMMON_BLOCKS = YES;
				GCC_WARN_64_TO_32_BIT_CONVERSION = YES;
				GCC_WARN_ABOUT_RETURN_TYPE = YES_ERROR;
				GCC_WARN_UNDECLARED_SELECTOR = YES;
				GCC_WARN_UNINITIALIZED_AUTOS = YES_AGGRESSIVE;
				GCC_WARN_UNUSED_FUNCTION = YES;
				GCC_WARN_UNUSED_VARIABLE = YES;
				IPHONEOS_DEPLOYMENT_TARGET = 8.3;
				MTL_ENABLE_DEBUG_INFO = NO;
				SDKROOT = iphoneos;
				VALIDATE_PRODUCT = YES;
			};
			name = Release;
		};
		2A0C56B01B054203004198D5 /* Debug */ = {
			isa = XCBuildConfiguration;
			buildSettings = {
				ASSETCATALOG_COMPILER_APPICON_NAME = AppIcon;
				INFOPLIST_FILE = "Status Lane/Info.plist";
				LD_RUNPATH_SEARCH_PATHS = "$(inherited) @executable_path/Frameworks";
				PRODUCT_NAME = "$(TARGET_NAME)";
			};
			name = Debug;
		};
		2A0C56B11B054203004198D5 /* Release */ = {
			isa = XCBuildConfiguration;
			buildSettings = {
				ASSETCATALOG_COMPILER_APPICON_NAME = AppIcon;
				INFOPLIST_FILE = "Status Lane/Info.plist";
				LD_RUNPATH_SEARCH_PATHS = "$(inherited) @executable_path/Frameworks";
				PRODUCT_NAME = "$(TARGET_NAME)";
			};
			name = Release;
		};
		2A0C56B31B054203004198D5 /* Debug */ = {
			isa = XCBuildConfiguration;
			buildSettings = {
				BUNDLE_LOADER = "$(TEST_HOST)";
				FRAMEWORK_SEARCH_PATHS = (
					"$(SDKROOT)/Developer/Library/Frameworks",
					"$(inherited)",
				);
				GCC_PREPROCESSOR_DEFINITIONS = (
					"DEBUG=1",
					"$(inherited)",
				);
				INFOPLIST_FILE = "Status LaneTests/Info.plist";
				LD_RUNPATH_SEARCH_PATHS = "$(inherited) @executable_path/Frameworks @loader_path/Frameworks";
				PRODUCT_NAME = "$(TARGET_NAME)";
				TEST_HOST = "$(BUILT_PRODUCTS_DIR)/Status Lane.app/Status Lane";
			};
			name = Debug;
		};
		2A0C56B41B054203004198D5 /* Release */ = {
			isa = XCBuildConfiguration;
			buildSettings = {
				BUNDLE_LOADER = "$(TEST_HOST)";
				FRAMEWORK_SEARCH_PATHS = (
					"$(SDKROOT)/Developer/Library/Frameworks",
					"$(inherited)",
				);
				INFOPLIST_FILE = "Status LaneTests/Info.plist";
				LD_RUNPATH_SEARCH_PATHS = "$(inherited) @executable_path/Frameworks @loader_path/Frameworks";
				PRODUCT_NAME = "$(TARGET_NAME)";
				TEST_HOST = "$(BUILT_PRODUCTS_DIR)/Status Lane.app/Status Lane";
			};
			name = Release;
		};
/* End XCBuildConfiguration section */

/* Begin XCConfigurationList section */
		2A0C56841B054203004198D5 /* Build configuration list for PBXProject "Status Lane" */ = {
			isa = XCConfigurationList;
			buildConfigurations = (
				2A0C56AD1B054203004198D5 /* Debug */,
				2A0C56AE1B054203004198D5 /* Release */,
			);
			defaultConfigurationIsVisible = 0;
			defaultConfigurationName = Release;
		};
		2A0C56AF1B054203004198D5 /* Build configuration list for PBXNativeTarget "Status Lane" */ = {
			isa = XCConfigurationList;
			buildConfigurations = (
				2A0C56B01B054203004198D5 /* Debug */,
				2A0C56B11B054203004198D5 /* Release */,
			);
			defaultConfigurationIsVisible = 0;
		};
		2A0C56B21B054203004198D5 /* Build configuration list for PBXNativeTarget "Status LaneTests" */ = {
			isa = XCConfigurationList;
			buildConfigurations = (
				2A0C56B31B054203004198D5 /* Debug */,
				2A0C56B41B054203004198D5 /* Release */,
			);
			defaultConfigurationIsVisible = 0;
		};
/* End XCConfigurationList section */

/* Begin XCVersionGroup section */
		2A0C56931B054203004198D5 /* Status_Lane.xcdatamodeld */ = {
			isa = XCVersionGroup;
			children = (
				2A0C56941B054203004198D5 /* Status_Lane.xcdatamodel */,
			);
			currentVersion = 2A0C56941B054203004198D5 /* Status_Lane.xcdatamodel */;
			path = Status_Lane.xcdatamodeld;
			sourceTree = "<group>";
			versionGroupType = wrapper.xcdatamodel;
		};
/* End XCVersionGroup section */
	};
	rootObject = 2A0C56811B054203004198D5 /* Project object */;
}
